<?xml version="1.0" encoding="UTF-8" standalone="yes" ?>
<CodeBlocks_project_file>
	<FileVersion major="1" minor="6" />
	<Project>
		<Option title="Kaaris vs Booba" />
		<Option pch_mode="2" />
		<Option compiler="gcc" />
		<Build>
			<Target title="Debug">
				<Option output="Kaaris vs Booba Debug" prefix_auto="1" extension_auto="1" />
				<Option object_output="obj/Debug/" />
				<Option type="1" />
				<Option compiler="gcc" />
				<Compiler>
					<Add option="-g" />
				</Compiler>
			</Target>
			<Target title="Release">
				<Option output="Kaaris vs Booba" prefix_auto="1" extension_auto="1" />
				<Option object_output="obj/Release/" />
				<Option type="0" />
				<Option compiler="gcc" />
				<Compiler>
					<Add option="-O2" />
				</Compiler>
				<Linker>
					<Add option="-s" />
				</Linker>
			</Target>
		</Build>
		<Compiler>
			<Add option="-Wall" />
			<Add directory="C:/Program Files/SDL/SDL2-2.0.10/x86_64-w64-mingw32/include" />
			<Add directory="C:/Program Files/SDL/SDL2-2.0.10/SDL2_gfx-1.0.4/x86_64-w64-mingw32/include" />
			<Add directory="C:/Program Files/SDL/SDL2-2.0.10/SDL2_image-2.0.5/x86_64-w64-mingw32/include" />
			<Add directory="C:/Program Files/SDL/SDL2-2.0.10/SDL2_mixer-2.0.4/x86_64-w64-mingw32/include" />
			<Add directory="C:/Program Files/SDL/SDL2-2.0.10/SDL2_net-2.0.1/x86_64-w64-mingw32/include" />
			<Add directory="C:/Program Files/SDL/SDL2-2.0.10/SDL2_ttf-2.0.15/x86_64-w64-mingw32/include" />
		</Compiler>
		<Linker>
			<Add library="mingw32" />
			<Add library="SDL2main" />
			<Add library="SDL2.dll" />
			<Add library="user32" />
			<Add library="gdi32" />
			<Add library="winmm" />
			<Add library="dxguid" />
			<Add library="libSDL2_gfx.a" />
			<Add library="libSDL2_image.a" />
			<Add library="libSDL2_image.dll.a" />
			<Add library="libSDL2_mixer.a" />
			<Add library="libSDL2_mixer.dll.a" />
			<Add library="libSDL2_net.a" />
			<Add library="libSDL2_net.dll.a" />
			<Add library="libSDL2_ttf.a" />
			<Add library="libSDL2_ttf.dll.a" />
			<Add directory="C:/Program Files/SDL/SDL2-2.0.10/x86_64-w64-mingw32/lib" />
			<Add directory="C:/Program Files/SDL/SDL2-2.0.10/SDL2_gfx-1.0.4/x86_64-w64-mingw32/lib" />
			<Add directory="C:/Program Files/SDL/SDL2-2.0.10/SDL2_image-2.0.5/x86_64-w64-mingw32/lib" />
			<Add directory="C:/Program Files/SDL/SDL2-2.0.10/SDL2_mixer-2.0.4/x86_64-w64-mingw32/lib" />
			<Add directory="C:/Program Files/SDL/SDL2-2.0.10/SDL2_net-2.0.1/x86_64-w64-mingw32/lib" />
			<Add directory="C:/Program Files/SDL/SDL2-2.0.10/SDL2_ttf-2.0.15/x86_64-w64-mingw32/lib" />
		</Linker>
		<Unit filename="data.c">
			<Option compilerVar="CC" />
		</Unit>
		<Unit filename="data.h" />
		<Unit filename="editor.c">
			<Option compilerVar="CC" />
		</Unit>
		<Unit filename="editor.h" />
		<Unit filename="event.c">
			<Option compilerVar="CC" />
		</Unit>
		<Unit filename="event.h" />
		<Unit filename="file.c">
			<Option compilerVar="CC" />
		</Unit>
		<Unit filename="file.h" />
		<Unit filename="game.c">
			<Option compilerVar="CC" />
		</Unit>
		<Unit filename="game.h" />
		<Unit filename="key.c">
			<Option compilerVar="CC" />
		</Unit>
		<Unit filename="key.h" />
		<Unit filename="list.c">
			<Option compilerVar="CC" />
		</Unit>
		<Unit filename="list.h" />
		<Unit filename="main.c">
			<Option compilerVar="CC" />
		</Unit>
		<Unit filename="multi.c">
			<Option compilerVar="CC" />
		</Unit>
		<Unit filename="multi.h" />
		<Unit filename="net.c">
			<Option compilerVar="CC" />
		</Unit>
		<Unit filename="net.h" />
		<Unit filename="option.c">
			<Option compilerVar="CC" />
		</Unit>
		<Unit filename="option.h" />
		<Unit filename="res.rc">
			<Option compilerVar="WINDRES" />
		</Unit>
		<Unit filename="text.c">
			<Option compilerVar="CC" />
		</Unit>
		<Unit filename="text.h" />
		<Unit filename="transition.c">
			<Option compilerVar="CC" />
		</Unit>
		<Unit filename="transition.h" />
		<Unit filename="version.h" />
		<Extensions>
			<code_completion />
			<envvars />
			<debugger />
		</Extensions>
	</Project>
</CodeBlocks_project_file>
